
Microsoft Visual Studio Solution File, Format Version 12.00
# Visual Studio Version 17
VisualStudioVersion = 17.1.32210.238
MinimumVisualStudioVersion = 10.0.40219.1
Project("{FAE04EC0-301F-11D3-BF4B-00C04F79EFBC}") = "ConsoleApp1", "ConsoleApp1\ConsoleApp1.csproj", "{7256DBF8-06B4-4AEA-A825-98F64D498D13}"
EndProject
Global
	GlobalSection(SolutionConfigurationPlatforms) = preSolution
		Debug|Any CPU = Debug|Any CPU
		Release|Any CPU = Release|Any CPU
	EndGlobalSection
	GlobalSection(ProjectConfigurationPlatforms) = postSolution
		{7256DBF8-06B4-4AEA-A825-98F64D498D13}.Debug|Any CPU.ActiveCfg = Debug|Any CPU
		{7256DBF8-06B4-4AEA-A825-98F64D498D13}.Debug|Any CPU.Build.0 = Debug|Any CPU
		{7256DBF8-06B4-4AEA-A825-98F64D498D13}.Release|Any CPU.ActiveCfg = Release|Any CPU
		{7256DBF8-06B4-4AEA-A825-98F64D498D13}.Release|Any CPU.Build.0 = Release|Any CPU
	EndGlobalSection
	GlobalSection(SolutionProperties) = preSolution
		HideSolutionNode = FALSE
	EndGlobalSection
	GlobalSection(ExtensibilityGlobals) = postSolution
		SolutionGuid = {EBCF39F0-AB11-4964-AEA4-5E7D83E4DF57}
	EndGlobalSection
EndGlobal
